{
  "nodes": {
    "filnix": {
      "inputs": {
        "nixpkgs": "nixpkgs"
      },
      "locked": {
        "lastModified": 1776842032,
        "narHash": "sha256-4t6qs8X50N3nP3x35jX4UW7CKj1f5MJAc7GV1xK1S9E=",
        "owner": "mbrock",
        "repo": "filnix",
        "rev": "487b247ddce3894a51a330d61ca34a91b4049e34",
        "type": "github"
      },
      "original": {
        "owner": "mbrock",
        "repo": "filnix",
        "type": "github"
      }
    },
    "flake-utils": {
      "inputs": {
        "systems": "systems"
      },
      "locked": {
        "lastModified": 1731533236,
        "narHash": "sha256-l0KFg5HjrsfsO/JpG+r7fRrqm12kzFHyUHqHCVpMMbI=",
        "owner": "numtide",
        "repo": "flake-utils",
        "rev": "11707dc2f618dd54ca8739b309ec4fc024de578b",
        "type": "github"
      },
      "original": {
        "owner": "numtide",
        "repo": "flake-utils",
        "type": "github"
      }
    },
    "nixpkgs": {
      "flake": false,
      "locked": {
        "lastModified": 1762633274,
        "narHash": "sha256-Ygv7dtGtshVgYPWE9pNaCxA7s9V8OleD7UbFjuZr5ug=",
        "owner": "lessrest",
        "repo": "filnixpkgs",
        "rev": "400439b089773d3fc593b512250e283a33485de4",
        "type": "github"
      },
      "original": {
        "owner": "lessrest",
        "repo": "filnixpkgs",
        "rev": "400439b089773d3fc593b512250e283a33485de4",
        "type": "github"
      }
    },
    "nixpkgs-cosmo": {
      "locked": {
        "lastModified": 1776552800,
        "narHash": "sha256-eqg2yy2dWLN1bUwuC5FMZHeufqq8X+FZv0BEAszJ0as=",
        "owner": "siraben",
        "repo": "nixpkgs",
        "rev": "358fd93c32f867fa8a9a04b1312c5415e3444b5e",
        "type": "github"
      },
      "original": {
        "owner": "siraben",
        "ref": "siraben/cosmopkgs",
        "repo": "nixpkgs",
        "type": "github"
      }
    },
    "nixpkgs_2": {
      "locked": {
        "lastModified": 1777578337,
        "narHash": "sha256-Ad49moKWeXtKBJNy2ebiTQUEgdLyvGmTeykAQ9xM+Z4=",
        "owner": "NixOS",
        "repo": "nixpkgs",
        "rev": "15f4ee454b1dce334612fa6843b3e05cf546efab",
        "type": "github"
      },
      "original": {
        "owner": "NixOS",
        "ref": "nixos-unstable",
        "repo": "nixpkgs",
        "type": "github"
      }
    },
    "root": {
      "inputs": {
        "filnix": "filnix",
        "flake-utils": "flake-utils",
        "nixpkgs": "nixpkgs_2",
        "nixpkgs-cosmo": "nixpkgs-cosmo"
      }
    },
    "systems": {
      "locked": {
        "lastModified": 1681028828,
        "narHash": "sha256-Vy1rq5AaRuLzOxct8nz4T6wlgyUR7zLU309k9mBC768=",
        "owner": "nix-systems",
        "repo": "default",
        "rev": "da67096a3b9bf56a91d16901293e51ba5b49a27e",
        "type": "github"
      },
      "original": {
        "owner": "nix-systems",
        "repo": "default",
        "type": "github"
      }
    }
  },
  "root": "root",
  "version": 7
}
